
Microsoft Visual Studio Solution File, Format Version 12.00
# Visual Studio 15
VisualStudioVersion = 15.0.28307.168
MinimumVisualStudioVersion = 10.0.40219.1
Project("{6EC3EE1D-3C4E-46DD-8F32-0CC8E7565705}") = "BatchOperFs", "BatchOperFs\BatchOperFs.fsproj", "{BA93FD09-05E1-4ECB-B7C4-5F552C04D88B}"
EndProject
Project("{F2A71F9B-5D33-465A-A702-920D77279786}") = "test", "test\test.fsproj", "{251D6D4A-C89C-46B5-90EF-C9178BD0971F}"
EndProject
Global
	GlobalSection(SolutionConfigurationPlatforms) = preSolution
		Debug|Any CPU = Debug|Any CPU
		Release|Any CPU = Release|Any CPU
	EndGlobalSection
	GlobalSection(ProjectConfigurationPlatforms) = postSolution
		{BA93FD09-05E1-4ECB-B7C4-5F552C04D88B}.Debug|Any CPU.ActiveCfg = Debug|Any CPU
		{BA93FD09-05E1-4ECB-B7C4-5F552C04D88B}.Debug|Any CPU.Build.0 = Debug|Any CPU
		{BA93FD09-05E1-4ECB-B7C4-5F552C04D88B}.Release|Any CPU.ActiveCfg = Release|Any CPU
		{BA93FD09-05E1-4ECB-B7C4-5F552C04D88B}.Release|Any CPU.Build.0 = Release|Any CPU
		{251D6D4A-C89C-46B5-90EF-C9178BD0971F}.Debug|Any CPU.ActiveCfg = Debug|Any CPU
		{251D6D4A-C89C-46B5-90EF-C9178BD0971F}.Debug|Any CPU.Build.0 = Debug|Any CPU
		{251D6D4A-C89C-46B5-90EF-C9178BD0971F}.Release|Any CPU.ActiveCfg = Release|Any CPU
		{251D6D4A-C89C-46B5-90EF-C9178BD0971F}.Release|Any CPU.Build.0 = Release|Any CPU
	EndGlobalSection
	GlobalSection(SolutionProperties) = preSolution
		HideSolutionNode = FALSE
	EndGlobalSection
	GlobalSection(ExtensibilityGlobals) = postSolution
		SolutionGuid = {14D2018F-6D1A-4482-8F25-62F7778FB1FC}
	EndGlobalSection
EndGlobal
